
Microsoft Visual Studio Solution File, Format Version 12.00
# Visual Studio 15
VisualStudioVersion = 15.0.27004.2005
MinimumVisualStudioVersion = 10.0.40219.1
Project("{FAE04EC0-301F-11D3-BF4B-00C04F79EFBC}") = "BusinessTalk", "BusinessTalk\BusinessTalk.csproj", "{110133D4-97C0-4A35-A6C5-B540C9D916F0}"
EndProject
Global
	GlobalSection(SolutionConfigurationPlatforms) = preSolution
		Debug|Any CPU = Debug|Any CPU
		Release|Any CPU = Release|Any CPU
	EndGlobalSection
	GlobalSection(ProjectConfigurationPlatforms) = postSolution
		{110133D4-97C0-4A35-A6C5-B540C9D916F0}.Debug|Any CPU.ActiveCfg = Debug|Any CPU
		{110133D4-97C0-4A35-A6C5-B540C9D916F0}.Debug|Any CPU.Build.0 = Debug|Any CPU
		{110133D4-97C0-4A35-A6C5-B540C9D916F0}.Release|Any CPU.ActiveCfg = Release|Any CPU
		{110133D4-97C0-4A35-A6C5-B540C9D916F0}.Release|Any CPU.Build.0 = Release|Any CPU
	EndGlobalSection
	GlobalSection(SolutionProperties) = preSolution
		HideSolutionNode = FALSE
	EndGlobalSection
	GlobalSection(ExtensibilityGlobals) = postSolution
		SolutionGuid = {81ED20A4-47CC-4E55-8F63-423A253E6F49}
	EndGlobalSection
EndGlobal
